
Microsoft Visual Studio Solution File, Format Version 11.00
# Visual Studio 2010
Project("{FAE04EC0-301F-11D3-BF4B-00C04F79EFBC}") = "Ink-Libraries", "Ink-Libraries.csproj", "{96fd4ce0-c7ff-12a3-31b2-46a96e0bcc1c}"
EndProject
Project("{FAE04EC0-301F-11D3-BF4B-00C04F79EFBC}") = "Assembly-CSharp", "Assembly-CSharp.csproj", "{a8ab6905-f106-78dc-3d42-4e7740afb54f}"
EndProject
Project("{FAE04EC0-301F-11D3-BF4B-00C04F79EFBC}") = "InkEditor", "InkEditor.csproj", "{5286cada-3dc1-c0a1-c5bd-b233287d4eaf}"
EndProject
Project("{FAE04EC0-301F-11D3-BF4B-00C04F79EFBC}") = "Assembly-CSharp-Editor", "Assembly-CSharp-Editor.csproj", "{7fe861c7-bc4d-f602-0c26-5c7481168381}"
EndProject
Global
	GlobalSection(SolutionConfigurationPlatforms) = preSolution
		Debug|Any CPU = Debug|Any CPU
	EndGlobalSection
	GlobalSection(ProjectConfigurationPlatforms) = postSolution
		{96fd4ce0-c7ff-12a3-31b2-46a96e0bcc1c}.Debug|Any CPU.ActiveCfg = Debug|Any CPU
		{96fd4ce0-c7ff-12a3-31b2-46a96e0bcc1c}.Debug|Any CPU.Build.0 = Debug|Any CPU
		{a8ab6905-f106-78dc-3d42-4e7740afb54f}.Debug|Any CPU.ActiveCfg = Debug|Any CPU
		{a8ab6905-f106-78dc-3d42-4e7740afb54f}.Debug|Any CPU.Build.0 = Debug|Any CPU
		{5286cada-3dc1-c0a1-c5bd-b233287d4eaf}.Debug|Any CPU.ActiveCfg = Debug|Any CPU
		{5286cada-3dc1-c0a1-c5bd-b233287d4eaf}.Debug|Any CPU.Build.0 = Debug|Any CPU
		{7fe861c7-bc4d-f602-0c26-5c7481168381}.Debug|Any CPU.ActiveCfg = Debug|Any CPU
		{7fe861c7-bc4d-f602-0c26-5c7481168381}.Debug|Any CPU.Build.0 = Debug|Any CPU
	EndGlobalSection
	GlobalSection(SolutionProperties) = preSolution
		HideSolutionNode = FALSE
	EndGlobalSection
EndGlobal
